// !$*UTF8*$!
{
	archiveVersion = 1;
	classes = {
	};
	objectVersion = 50;
	objects = {

/* Begin PBXBuildFile section */
		CA2B4768282EA155003F515A /* AppDelegate.swift in Sources */ = {isa = PBXBuildFile; fileRef = CA2B4767282EA155003F515A /* AppDelegate.swift */; };
		CA2B476A282EA155003F515A /* SceneDelegate.swift in Sources */ = {isa = PBXBuildFile; fileRef = CA2B4769282EA155003F515A /* SceneDelegate.swift */; };
		CA2B476C282EA155003F515A /* ViewController.swift in Sources */ = {isa = PBXBuildFile; fileRef = CA2B476B282EA155003F515A /* ViewController.swift */; };
		CA2B476F282EA155003F515A /* Main.storyboard in Resources */ = {isa = PBXBuildFile; fileRef = CA2B476D282EA155003F515A /* Main.storyboard */; };
		CA2B4772282EA155003F515A /* FlashChat2.xcdatamodeld in Sources */ = {isa = PBXBuildFile; fileRef = CA2B4770282EA155003F515A /* FlashChat2.xcdatamodeld */; };
		CA2B4774282EA156003F515A /* Assets.xcassets in Resources */ = {isa = PBXBuildFile; fileRef = CA2B4773282EA156003F515A /* Assets.xcassets */; };
		CA2B4777282EA156003F515A /* LaunchScreen.storyboard in Resources */ = {isa = PBXBuildFile; fileRef = CA2B4775282EA156003F515A /* LaunchScreen.storyboard */; };
/* End PBXBuildFile section */

/* Begin PBXFileReference section */
		CA2B4764282EA155003F515A /* FlashChat2.app */ = {isa = PBXFileReference; explicitFileType = wrapper.application; includeInIndex = 0; path = FlashChat2.app; sourceTree = BUILT_PRODUCTS_DIR; };
		CA2B4767282EA155003F515A /* AppDelegate.swift */ = {isa = PBXFileReference; lastKnownFileType = sourcecode.swift; path = AppDelegate.swift; sourceTree = "<group>"; };
		CA2B4769282EA155003F515A /* SceneDelegate.swift */ = {isa = PBXFileReference; lastKnownFileType = sourcecode.swift; path = SceneDelegate.swift; sourceTree = "<group>"; };
		CA2B476B282EA155003F515A /* ViewController.swift */ = {isa = PBXFileReference; lastKnownFileType = sourcecode.swift; path = ViewController.swift; sourceTree = "<group>"; };
		CA2B476E282EA155003F515A /* Base */ = {isa = PBXFileReference; lastKnownFileType = file.storyboard; name = Base; path = Base.lproj/Main.storyboard; sourceTree = "<group>"; };
		CA2B4771282EA155003F515A /* FlashChat2.xcdatamodel */ = {isa = PBXFileReference; lastKnownFileType = wrapper.xcdatamodel; path = FlashChat2.xcdatamodel; sourceTree = "<group>"; };
		CA2B4773282EA156003F515A /* Assets.xcassets */ = {isa = PBXFileReference; lastKnownFileType = folder.assetcatalog; path = Assets.xcassets; sourceTree = "<group>"; };
		CA2B4776282EA156003F515A /* Base */ = {isa = PBXFileReference; lastKnownFileType = file.storyboard; name = Base; path = Base.lproj/LaunchScreen.storyboard; sourceTree = "<group>"; };
		CA2B4778282EA156003F515A /* Info.plist */ = {isa = PBXFileReference; lastKnownFileType = text.plist.xml; path = Info.plist; sourceTree = "<group>"; };
/* End PBXFileReference section */

/* Begin PBXFrameworksBuildPhase section */
		CA2B4761282EA155003F515A /* Frameworks */ = {
			isa = PBXFrameworksBuildPhase;
			buildActionMask = 2147483647;
			files = (
			);
			runOnlyForDeploymentPostprocessing = 0;
		};
/* End PBXFrameworksBuildPhase section */

/* Begin PBXGroup section */
		CA2B475B282EA155003F515A = {
			isa = PBXGroup;
			children = (
				CA2B4766282EA155003F515A /* FlashChat2 */,
				CA2B4765282EA155003F515A /* Products */,
			);
			sourceTree = "<group>";
		};
		CA2B4765282EA155003F515A /* Products */ = {
			isa = PBXGroup;
			children = (
				CA2B4764282EA155003F515A /* FlashChat2.app */,
			);
			name = Products;
			sourceTree = "<group>";
		};
		CA2B4766282EA155003F515A /* FlashChat2 */ = {
			isa = PBXGroup;
			children = (
				CA2B4767282EA155003F515A /* AppDelegate.swift */,
				CA2B4769282EA155003F515A /* SceneDelegate.swift */,
				CA2B476B282EA155003F515A /* ViewController.swift */,
				CA2B476D282EA155003F515A /* Main.storyboard */,
				CA2B4773282EA156003F515A /* Assets.xcassets */,
				CA2B4775282EA156003F515A /* LaunchScreen.storyboard */,
				CA2B4778282EA156003F515A /* Info.plist */,
				CA2B4770282EA155003F515A /* FlashChat2.xcdatamodeld */,
			);
			path = FlashChat2;
			sourceTree = "<group>";
		};
/* End PBXGroup section */

/* Begin PBXNativeTarget section */
		CA2B4763282EA155003F515A /* FlashChat2 */ = {
			isa = PBXNativeTarget;
			buildConfigurationList = CA2B477B282EA156003F515A /* Build configuration list for PBXNativeTarget "FlashChat2" */;
			buildPhases = (
				CA2B4760282EA155003F515A /* Sources */,
				CA2B4761282EA155003F515A /* Frameworks */,
				CA2B4762282EA155003F515A /* Resources */,
			);
			buildRules = (
			);
			dependencies = (
			);
			name = FlashChat2;
			productName = FlashChat2;
			productReference = CA2B4764282EA155003F515A /* FlashChat2.app */;
			productType = "com.apple.product-type.application";
		};
/* End PBXNativeTarget section */

/* Begin PBXProject section */
		CA2B475C282EA155003F515A /* Project object */ = {
			isa = PBXProject;
			attributes = {
				LastSwiftUpdateCheck = 1250;
				LastUpgradeCheck = 1250;
				TargetAttributes = {
					CA2B4763282EA155003F515A = {
						CreatedOnToolsVersion = 12.5;
					};
				};
			};
			buildConfigurationList = CA2B475F282EA155003F515A /* Build configuration list for PBXProject "FlashChat2" */;
			compatibilityVersion = "Xcode 9.3";
			developmentRegion = en;
			hasScannedForEncodings = 0;
			knownRegions = (
				en,
				Base,
			);
			mainGroup = CA2B475B282EA155003F515A;
			productRefGroup = CA2B4765282EA155003F515A /* Products */;
			projectDirPath = "";
			projectRoot = "";
			targets = (
				CA2B4763282EA155003F515A /* FlashChat2 */,
			);
		};
/* End PBXProject section */

/* Begin PBXResourcesBuildPhase section */
		CA2B4762282EA155003F515A /* Resources */ = {
			isa = PBXResourcesBuildPhase;
			buildActionMask = 2147483647;
			files = (
				CA2B4777282EA156003F515A /* LaunchScreen.storyboard in Resources */,
				CA2B4774282EA156003F515A /* Assets.xcassets in Resources */,
				CA2B476F282EA155003F515A /* Main.storyboard in Resources */,
			);
			runOnlyForDeploymentPostprocessing = 0;
		};
/* End PBXResourcesBuildPhase section */

/* Begin PBXSourcesBuildPhase section */
		CA2B4760282EA155003F515A /* Sources */ = {
			isa = PBXSourcesBuildPhase;
			buildActionMask = 2147483647;
			files = (
				CA2B476C282EA155003F515A /* ViewController.swift in Sources */,
				CA2B4768282EA155003F515A /* AppDelegate.swift in Sources */,
				CA2B476A282EA155003F515A /* SceneDelegate.swift in Sources */,
				CA2B4772282EA155003F515A /* FlashChat2.xcdatamodeld in Sources */,
			);
			runOnlyForDeploymentPostprocessing = 0;
		};
/* End PBXSourcesBuildPhase section */

/* Begin PBXVariantGroup section */
		CA2B476D282EA155003F515A /* Main.storyboard */ = {
			isa = PBXVariantGroup;
			children = (
				CA2B476E282EA155003F515A /* Base */,
			);
			name = Main.storyboard;
			sourceTree = "<group>";
		};
		CA2B4775282EA156003F515A /* LaunchScreen.storyboard */ = {
			isa = PBXVariantGroup;
			children = (
				CA2B4776282EA156003F515A /* Base */,
			);
			name = LaunchScreen.storyboard;
			sourceTree = "<group>";
		};
/* End PBXVariantGroup section */

/* Begin XCBuildConfiguration section */
		CA2B4779282EA156003F515A /* Debug */ = {
			isa = XCBuildConfiguration;
			buildSettings = {
				ALWAYS_SEARCH_USER_PATHS = NO;
				CLANG_ANALYZER_NONNULL = YES;
				CLANG_ANALYZER_NUMBER_OBJECT_CONVERSION = YES_AGGRESSIVE;
				CLANG_CXX_LANGUAGE_STANDARD = "gnu++14";
				CLANG_CXX_LIBRARY = "libc++";
				CLANG_ENABLE_MODULES = YES;
				CLANG_ENABLE_OBJC_ARC = YES;
				CLANG_ENABLE_OBJC_WEAK = YES;
				CLANG_WARN_BLOCK_CAPTURE_AUTORELEASING = YES;
				CLANG_WARN_BOOL_CONVERSION = YES;
				CLANG_WARN_COMMA = YES;
				CLANG_WARN_CONSTANT_CONVERSION = YES;
				CLANG_WARN_DEPRECATED_OBJC_IMPLEMENTATIONS = YES;
				CLANG_WARN_DIRECT_OBJC_ISA_USAGE = YES_ERROR;
				CLANG_WARN_DOCUMENTATION_COMMENTS = YES;
				CLANG_WARN_EMPTY_BODY = YES;
				CLANG_WARN_ENUM_CONVERSION = YES;
				CLANG_WARN_INFINITE_RECURSION = YES;
				CLANG_WARN_INT_CONVERSION = YES;
				CLANG_WARN_NON_LITERAL_NULL_CONVERSION = YES;
				CLANG_WARN_OBJC_IMPLICIT_RETAIN_SELF = YES;
				CLANG_WARN_OBJC_LITERAL_CONVERSION = YES;
				CLANG_WARN_OBJC_ROOT_CLASS = YES_ERROR;
				CLANG_WARN_QUOTED_INCLUDE_IN_FRAMEWORK_HEADER = YES;
				CLANG_WARN_RANGE_LOOP_ANALYSIS = YES;
				CLANG_WARN_STRICT_PROTOTYPES = YES;
				CLANG_WARN_SUSPICIOUS_MOVE = YES;
				CLANG_WARN_UNGUARDED_AVAILABILITY = YES_AGGRESSIVE;
				CLANG_WARN_UNREACHABLE_CODE = YES;
				CLANG_WARN__DUPLICATE_METHOD_MATCH = YES;
				COPY_PHASE_STRIP = NO;
				DEBUG_INFORMATION_FORMAT = dwarf;
				ENABLE_STRICT_OBJC_MSGSEND = YES;
				ENABLE_TESTABILITY = YES;
				GCC_C_LANGUAGE_STANDARD = gnu11;
				GCC_DYNAMIC_NO_PIC = NO;
				GCC_NO_COMMON_BLOCKS = YES;
				GCC_OPTIMIZATION_LEVEL = 0;
				GCC_PREPROCESSOR_DEFINITIONS = (
					"DEBUG=1",
					"$(inherited)",
				);
				GCC_WARN_64_TO_32_BIT_CONVERSION = YES;
				GCC_WARN_ABOUT_RETURN_TYPE = YES_ERROR;
				GCC_WARN_UNDECLARED_SELECTOR = YES;
				GCC_WARN_UNINITIALIZED_AUTOS = YES_AGGRESSIVE;
				GCC_WARN_UNUSED_FUNCTION = YES;
				GCC_WARN_UNUSED_VARIABLE = YES;
				IPHONEOS_DEPLOYMENT_TARGET = 14.5;
				MTL_ENABLE_DEBUG_INFO = INCLUDE_SOURCE;
				MTL_FAST_MATH = YES;
				ONLY_ACTIVE_ARCH = YES;
				SDKROOT = iphoneos;
				SWIFT_ACTIVE_COMPILATION_CONDITIONS = DEBUG;
				SWIFT_OPTIMIZATION_LEVEL = "-Onone";
			};
			name = Debug;
		};
		CA2B477A282EA156003F515A /* Release */ = {
			isa = XCBuildConfiguration;
			buildSettings = {
				ALWAYS_SEARCH_USER_PATHS = NO;
				CLANG_ANALYZER_NONNULL = YES;
				CLANG_ANALYZER_NUMBER_OBJECT_CONVERSION = YES_AGGRESSIVE;
				CLANG_CXX_LANGUAGE_STANDARD = "gnu++14";
				CLANG_CXX_LIBRARY = "libc++";
				CLANG_ENABLE_MODULES = YES;
				CLANG_ENABLE_OBJC_ARC = YES;
				CLANG_ENABLE_OBJC_WEAK = YES;
				CLANG_WARN_BLOCK_CAPTURE_AUTORELEASING = YES;
				CLANG_WARN_BOOL_CONVERSION = YES;
				CLANG_WARN_COMMA = YES;
				CLANG_WARN_CONSTANT_CONVERSION = YES;
				CLANG_WARN_DEPRECATED_OBJC_IMPLEMENTATIONS = YES;
				CLANG_WARN_DIRECT_OBJC_ISA_USAGE = YES_ERROR;
				CLANG_WARN_DOCUMENTATION_COMMENTS = YES;
				CLANG_WARN_EMPTY_BODY = YES;
				CLANG_WARN_ENUM_CONVERSION = YES;
				CLANG_WARN_INFINITE_RECURSION = YES;
				CLANG_WARN_INT_CONVERSION = YES;
				CLANG_WARN_NON_LITERAL_NULL_CONVERSION = YES;
				CLANG_WARN_OBJC_IMPLICIT_RETAIN_SELF = YES;
				CLANG_WARN_OBJC_LITERAL_CONVERSION = YES;
				CLANG_WARN_OBJC_ROOT_CLASS = YES_ERROR;
				CLANG_WARN_QUOTED_INCLUDE_IN_FRAMEWORK_HEADER = YES;
				CLANG_WARN_RANGE_LOOP_ANALYSIS = YES;
				CLANG_WARN_STRICT_PROTOTYPES = YES;
				CLANG_WARN_SUSPICIOUS_MOVE = YES;
				CLANG_WARN_UNGUARDED_AVAILABILITY = YES_AGGRESSIVE;
				CLANG_WARN_UNREACHABLE_CODE = YES;
				CLANG_WARN__DUPLICATE_METHOD_MATCH = YES;
				COPY_PHASE_STRIP = NO;
				DEBUG_INFORMATION_FORMAT = "dwarf-with-dsym";
				ENABLE_NS_ASSERTIONS = NO;
				ENABLE_STRICT_OBJC_MSGSEND = YES;
				GCC_C_LANGUAGE_STANDARD = gnu11;
				GCC_NO_COMMON_BLOCKS = YES;
				GCC_WARN_64_TO_32_BIT_CONVERSION = YES;
				GCC_WARN_ABOUT_RETURN_TYPE = YES_ERROR;
				GCC_WARN_UNDECLARED_SELECTOR = YES;
				GCC_WARN_UNINITIALIZED_AUTOS = YES_AGGRESSIVE;
				GCC_WARN_UNUSED_FUNCTION = YES;
				GCC_WARN_UNUSED_VARIABLE = YES;
				IPHONEOS_DEPLOYMENT_TARGET = 14.5;
				MTL_ENABLE_DEBUG_INFO = NO;
				MTL_FAST_MATH = YES;
				SDKROOT = iphoneos;
				SWIFT_COMPILATION_MODE = wholemodule;
				SWIFT_OPTIMIZATION_LEVEL = "-O";
				VALIDATE_PRODUCT = YES;
			};
			name = Release;
		};
		CA2B477C282EA156003F515A /* Debug */ = {
			isa = XCBuildConfiguration;
			buildSettings = {
				ASSETCATALOG_COMPILER_APPICON_NAME = AppIcon;
				ASSETCATALOG_COMPILER_GLOBAL_ACCENT_COLOR_NAME = AccentColor;
				CODE_SIGN_STYLE = Automatic;
				INFOPLIST_FILE = FlashChat2/Info.plist;
				LD_RUNPATH_SEARCH_PATHS = (
					"$(inherited)",
					"@executable_path/Frameworks",
				);
				PRODUCT_BUNDLE_IDENTIFIER = DXC.FlashChat2;
				PRODUCT_NAME = "$(TARGET_NAME)";
				SWIFT_VERSION = 5.0;
				TARGETED_DEVICE_FAMILY = "1,2";
			};
			name = Debug;
		};
		CA2B477D282EA156003F515A /* Release */ = {
			isa = XCBuildConfiguration;
			buildSettings = {
				ASSETCATALOG_COMPILER_APPICON_NAME = AppIcon;
				ASSETCATALOG_COMPILER_GLOBAL_ACCENT_COLOR_NAME = AccentColor;
				CODE_SIGN_STYLE = Automatic;
				INFOPLIST_FILE = FlashChat2/Info.plist;
				LD_RUNPATH_SEARCH_PATHS = (
					"$(inherited)",
					"@executable_path/Frameworks",
				);
				PRODUCT_BUNDLE_IDENTIFIER = DXC.FlashChat2;
				PRODUCT_NAME = "$(TARGET_NAME)";
				SWIFT_VERSION = 5.0;
				TARGETED_DEVICE_FAMILY = "1,2";
			};
			name = Release;
		};
/* End XCBuildConfiguration section */

/* Begin XCConfigurationList section */
		CA2B475F282EA155003F515A /* Build configuration list for PBXProject "FlashChat2" */ = {
			isa = XCConfigurationList;
			buildConfigurations = (
				CA2B4779282EA156003F515A /* Debug */,
				CA2B477A282EA156003F515A /* Release */,
			);
			defaultConfigurationIsVisible = 0;
			defaultConfigurationName = Release;
		};
		CA2B477B282EA156003F515A /* Build configuration list for PBXNativeTarget "FlashChat2" */ = {
			isa = XCConfigurationList;
			buildConfigurations = (
				CA2B477C282EA156003F515A /* Debug */,
				CA2B477D282EA156003F515A /* Release */,
			);
			defaultConfigurationIsVisible = 0;
			defaultConfigurationName = Release;
		};
/* End XCConfigurationList section */

/* Begin XCVersionGroup section */
		CA2B4770282EA155003F515A /* FlashChat2.xcdatamodeld */ = {
			isa = XCVersionGroup;
			children = (
				CA2B4771282EA155003F515A /* FlashChat2.xcdatamodel */,
			);
			currentVersion = CA2B4771282EA155003F515A /* FlashChat2.xcdatamodel */;
			path = FlashChat2.xcdatamodeld;
			sourceTree = "<group>";
			versionGroupType = wrapper.xcdatamodel;
		};
/* End XCVersionGroup section */
	};
	rootObject = CA2B475C282EA155003F515A /* Project object */;
}
